{
  "name": "captain-os",
  "version": "0.1.0-local-p11a",
  "lockfileVersion": 3,
  "requires": true,
  "packages": {
    "": {
      "name": "captain-os",
      "version": "0.1.0-local-p11a",
      "license": "MIT",
      "bin": {
        "captain-os": "packages/cli/src/index.js"
      }
    }
  }
}
